PODS:
  - Alamofire (5.11.2)
  - AlamofireImage (4.4.0):
    - Alamofire (~> 5.11)
  - ImageSlideshow (1.9.4):
    - ImageSlideshow/Core (= 1.9.4)
  - ImageSlideshow/Alamofire (1.9.4):
    - AlamofireImage (~> 4.0)
    - ImageSlideshow/Core
  - ImageSlideshow/Core (1.9.4)
  - ImageSlideshow/Kingfisher (1.9.4):
    - ImageSlideshow/Core
    - Kingfisher (>= 8.3.2)
  - ImageSlideshow/SDWebImage (1.9.4):
    - ImageSlideshow/Core
    - SDWebImage (>= 5.1)
  - Kingfisher (8.9.0)
  - SDWebImage (5.21.7):
    - SDWebImage/Core (= 5.21.7)
  - SDWebImage/Core (5.21.7)

DEPENDENCIES:
  - ImageSlideshow (from `../`)
  - ImageSlideshow/Alamofire (from `../`)
  - ImageSlideshow/Kingfisher (from `../`)
  - ImageSlideshow/SDWebImage (from `../`)

SPEC REPOS:
  trunk:
    - Alamofire
    - AlamofireImage
    - Kingfisher
    - SDWebImage

EXTERNAL SOURCES:
  ImageSlideshow:
    :path: "../"

SPEC CHECKSUMS:
  Alamofire: 400275dd1c6d87d95a041861d2a59da4b520a203
  AlamofireImage: 19ec9c0991f52cc7f9ba6a9d4ec782e29bdf6210
  ImageSlideshow: 9778cb0ce8b1f8d14145d4c2934495e632249141
  Kingfisher: 90f3a3c2871a71e01d5493c1c196fc2d3ff132cf
  SDWebImage: e9fc87c1aab89a8ab1bbd74eba378c6f53be8abf

PODFILE CHECKSUM: 958bd53553061c42535e4a018e4bf567b60f6526

COCOAPODS: 1.16.2
