PODS:
  - AFNetworking (4.0.1):
    - AFNetworking/NSURLSession (= 4.0.1)
    - AFNetworking/Reachability (= 4.0.1)
    - AFNetworking/Security (= 4.0.1)
    - AFNetworking/Serialization (= 4.0.1)
    - AFNetworking/UIKit (= 4.0.1)
  - AFNetworking/NSURLSession (4.0.1):
    - AFNetworking/Reachability
    - AFNetworking/Security
    - AFNetworking/Serialization
  - AFNetworking/Reachability (4.0.1)
  - AFNetworking/Security (4.0.1)
  - AFNetworking/Serialization (4.0.1)
  - AFNetworking/UIKit (4.0.1):
    - AFNetworking/NSURLSession
  - Alamofire (5.10.2)
  - AlamofireImage (4.3.0):
    - Alamofire (~> 5.8)
  - ImageSlideshow (1.9.4):
    - ImageSlideshow/Core (= 1.9.4)
  - ImageSlideshow/AFURL (1.9.4):
    - AFNetworking (~> 4.0)
    - ImageSlideshow/Core
  - ImageSlideshow/Alamofire (1.9.4):
    - AlamofireImage (~> 4.0)
    - ImageSlideshow/Core
  - ImageSlideshow/Core (1.9.4)
  - ImageSlideshow/Kingfisher (1.9.4):
    - ImageSlideshow/Core
    - Kingfisher (>= 8.3.2)
  - ImageSlideshow/SDWebImage (1.9.4):
    - ImageSlideshow/Core
    - SDWebImage (>= 5.1)
  - Kingfisher (8.4.0)
  - SDWebImage (5.21.1):
    - SDWebImage/Core (= 5.21.1)
  - SDWebImage/Core (5.21.1)

DEPENDENCIES:
  - ImageSlideshow (from `../`)
  - ImageSlideshow/AFURL (from `../`)
  - ImageSlideshow/Alamofire (from `../`)
  - ImageSlideshow/Kingfisher (from `../`)
  - ImageSlideshow/SDWebImage (from `../`)

SPEC REPOS:
  trunk:
    - AFNetworking
    - Alamofire
    - AlamofireImage
    - Kingfisher
    - SDWebImage

EXTERNAL SOURCES:
  ImageSlideshow:
    :path: "../"

SPEC CHECKSUMS:
  AFNetworking: 3bd23d814e976cd148d7d44c3ab78017b744cd58
  Alamofire: 7193b3b92c74a07f85569e1a6c4f4237291e7496
  AlamofireImage: 843953fa97bee5f561cf05d83abd759e590b068d
  ImageSlideshow: d051d22234785c0a2a159e29e84bc15690f1439c
  Kingfisher: b14cc47bbfa7a3c150dd12962ee9c86338545629
  SDWebImage: f29024626962457f3470184232766516dee8dfea

PODFILE CHECKSUM: effe544cce4fa22f74c620eb62017b44555448d9

COCOAPODS: 1.16.2
